
Microsoft Visual Studio Solution File, Format Version 12.00
# Visual Studio Version 16
VisualStudioVersion = 16.0.31321.278
MinimumVisualStudioVersion = 10.0.40219.1
Project("{FAE04EC0-301F-11D3-BF4B-00C04F79EFBC}") = "WebClient", "WebClient.csproj", "{3B00AC9F-31C6-4EE6-A3C4-DBC11AF4C6FE}"
EndProject
Global
	GlobalSection(SolutionConfigurationPlatforms) = preSolution
		Debug|Any CPU = Debug|Any CPU
		Release|Any CPU = Release|Any CPU
	EndGlobalSection
	GlobalSection(ProjectConfigurationPlatforms) = postSolution
		{3B00AC9F-31C6-4EE6-A3C4-DBC11AF4C6FE}.Debug|Any CPU.ActiveCfg = Debug|Any CPU
		{3B00AC9F-31C6-4EE6-A3C4-DBC11AF4C6FE}.Debug|Any CPU.Build.0 = Debug|Any CPU
		{3B00AC9F-31C6-4EE6-A3C4-DBC11AF4C6FE}.Release|Any CPU.ActiveCfg = Release|Any CPU
		{3B00AC9F-31C6-4EE6-A3C4-DBC11AF4C6FE}.Release|Any CPU.Build.0 = Release|Any CPU
	EndGlobalSection
	GlobalSection(SolutionProperties) = preSolution
		HideSolutionNode = FALSE
	EndGlobalSection
	GlobalSection(ExtensibilityGlobals) = postSolution
		SolutionGuid = {DD2C81D3-AB6B-4D01-B643-1BC0822D617C}
	EndGlobalSection
EndGlobal
