
Microsoft Visual Studio Solution File, Format Version 12.00
# Visual Studio Version 16
VisualStudioVersion = 16.0.31321.278
MinimumVisualStudioVersion = 10.0.40219.1
Project("{FAE04EC0-301F-11D3-BF4B-00C04F79EFBC}") = "ExceptionHandling", "ExceptionHandling.csproj", "{758CF97F-9BD1-4B42-AC44-3A9B34F3E9E5}"
EndProject
Global
	GlobalSection(SolutionConfigurationPlatforms) = preSolution
		Debug|Any CPU = Debug|Any CPU
		Release|Any CPU = Release|Any CPU
	EndGlobalSection
	GlobalSection(ProjectConfigurationPlatforms) = postSolution
		{758CF97F-9BD1-4B42-AC44-3A9B34F3E9E5}.Debug|Any CPU.ActiveCfg = Debug|Any CPU
		{758CF97F-9BD1-4B42-AC44-3A9B34F3E9E5}.Debug|Any CPU.Build.0 = Debug|Any CPU
		{758CF97F-9BD1-4B42-AC44-3A9B34F3E9E5}.Release|Any CPU.ActiveCfg = Release|Any CPU
		{758CF97F-9BD1-4B42-AC44-3A9B34F3E9E5}.Release|Any CPU.Build.0 = Release|Any CPU
	EndGlobalSection
	GlobalSection(SolutionProperties) = preSolution
		HideSolutionNode = FALSE
	EndGlobalSection
	GlobalSection(ExtensibilityGlobals) = postSolution
		SolutionGuid = {BD1C93B7-A170-4BAB-BB90-466B83D94E28}
	EndGlobalSection
EndGlobal
