
Microsoft Visual Studio Solution File, Format Version 12.00
# Visual Studio Version 16
VisualStudioVersion = 16.0.31321.278
MinimumVisualStudioVersion = 10.0.40219.1
Project("{FAE04EC0-301F-11D3-BF4B-00C04F79EFBC}") = "Linq", "Linq.csproj", "{FA1E4CB9-FE2C-4491-B8C4-4875BBDBDEAC}"
EndProject
Global
	GlobalSection(SolutionConfigurationPlatforms) = preSolution
		Debug|Any CPU = Debug|Any CPU
		Release|Any CPU = Release|Any CPU
	EndGlobalSection
	GlobalSection(ProjectConfigurationPlatforms) = postSolution
		{FA1E4CB9-FE2C-4491-B8C4-4875BBDBDEAC}.Debug|Any CPU.ActiveCfg = Debug|Any CPU
		{FA1E4CB9-FE2C-4491-B8C4-4875BBDBDEAC}.Debug|Any CPU.Build.0 = Debug|Any CPU
		{FA1E4CB9-FE2C-4491-B8C4-4875BBDBDEAC}.Release|Any CPU.ActiveCfg = Release|Any CPU
		{FA1E4CB9-FE2C-4491-B8C4-4875BBDBDEAC}.Release|Any CPU.Build.0 = Release|Any CPU
	EndGlobalSection
	GlobalSection(SolutionProperties) = preSolution
		HideSolutionNode = FALSE
	EndGlobalSection
	GlobalSection(ExtensibilityGlobals) = postSolution
		SolutionGuid = {1BABBC0F-66B4-4AA8-A31C-B44E27EDDF1E}
	EndGlobalSection
EndGlobal
